<?xml version="1.0" encoding="utf-8"?>
<Project ToolsVersion="4.0" xmlns="http://schemas.microsoft.com/developer/msbuild/2003">
  <ItemGroup>
    <ClCompile Include="BoundingBox.cpp">
      <Filter>Archivos de orgien</Filter>
    </ClCompile>
    <ClCompile Include="cameraclass.cpp">
      <Filter>Archivos de orgien</Filter>
    </ClCompile>
    <ClCompile Include="GameObject.cpp">
      <Filter>Archivos de orgien</Filter>
    </ClCompile>
    <ClCompile Include="GameLogic.cpp">
      <Filter>Archivos de orgien</Filter>
    </ClCompile>
    <ClCompile Include="inputclass.cpp">
      <Filter>Archivos de orgien</Filter>
    </ClCompile>
    <ClCompile Include="lightclass.cpp">
      <Filter>Archivos de orgien</Filter>
    </ClCompile>
    <ClCompile Include="main.cpp">
      <Filter>Archivos de orgien</Filter>
    </ClCompile>
    <ClCompile Include="Model.cpp">
      <Filter>Archivos de orgien</Filter>
    </ClCompile>
    <ClCompile Include="openglclass.cpp">
      <Filter>Archivos de orgien</Filter>
    </ClCompile>
    <ClCompile Include="Shader.cpp">
      <Filter>Archivos de orgien</Filter>
    </ClCompile>
    <ClCompile Include="timerclass.cpp">
      <Filter>Archivos de orgien</Filter>
    </ClCompile>
    <ClCompile Include="Triangle.cpp">
      <Filter>Archivos de orgien</Filter>
    </ClCompile>
    <ClCompile Include="gamepad.c">
      <Filter>Archivos de orgien</Filter>
    </ClCompile>
    <ClCompile Include="Scene.cpp">
      <Filter>Archivos de orgien</Filter>
    </ClCompile>
  </ItemGroup>
  <ItemGroup>
    <ClInclude Include="BoundingBox.h">
      <Filter>Archivos de encabezado</Filter>
    </ClInclude>
    <ClInclude Include="cameraclass.h">
      <Filter>Archivos de encabezado</Filter>
    </ClInclude>
    <ClInclude Include="colorshaderclass.h">
      <Filter>Archivos de encabezado</Filter>
    </ClInclude>
    <ClInclude Include="GameObject.h">
      <Filter>Archivos de encabezado</Filter>
    </ClInclude>
    <ClInclude Include="Geometrias.h">
      <Filter>Archivos de encabezado</Filter>
    </ClInclude>
    <ClInclude Include="gamepad.h">
      <Filter>Archivos de encabezado</Filter>
    </ClInclude>
    <ClInclude Include="GameLogic.h">
      <Filter>Archivos de encabezado</Filter>
    </ClInclude>
    <ClInclude Include="Imagenes.h">
      <Filter>Archivos de encabezado</Filter>
    </ClInclude>
    <ClInclude Include="inputclass.h">
      <Filter>Archivos de encabezado</Filter>
    </ClInclude>
    <ClInclude Include="KeyCode.h">
      <Filter>Archivos de encabezado</Filter>
    </ClInclude>
    <ClInclude Include="musica\libzplay.h">
      <Filter>Archivos de encabezado</Filter>
    </ClInclude>
    <ClInclude Include="Shader.h">
      <Filter>Archivos de encabezado</Filter>
    </ClInclude>
    <ClInclude Include="openglclass.h">
      <Filter>Archivos de encabezado</Filter>
    </ClInclude>
    <ClInclude Include="Model.h">
      <Filter>Archivos de encabezado</Filter>
    </ClInclude>
    <ClInclude Include="lightshaderclass.h">
      <Filter>Archivos de encabezado</Filter>
    </ClInclude>
    <ClInclude Include="lightclass.h">
      <Filter>Archivos de encabezado</Filter>
    </ClInclude>
    <ClInclude Include="ShaderBoundingBox.h">
      <Filter>Archivos de encabezado</Filter>
    </ClInclude>
    <ClInclude Include="Land.h">
      <Filter>Archivos de encabezado</Filter>
    </ClInclude>
    <ClInclude Include="TextureShader.h">
      <Filter>Archivos de encabezado</Filter>
    </ClInclude>
    <ClInclude Include="timerclass.h">
      <Filter>Archivos de encabezado</Filter>
    </ClInclude>
    <ClInclude Include="Triangle.h">
      <Filter>Archivos de encabezado</Filter>
    </ClInclude>
    <ClInclude Include="VectorRR.h">
      <Filter>Archivos de encabezado</Filter>
    </ClInclude>
    <ClInclude Include="Scene.h">
      <Filter>Archivos de encabezado</Filter>
    </ClInclude>
  </ItemGroup>
  <ItemGroup>
    <None Include="shaders\color.ps">
      <Filter>Archivos de recursos</Filter>
    </None>
    <None Include="shaders\color.vs">
      <Filter>Archivos de recursos</Filter>
    </None>
    <None Include="shaders\light.ps">
      <Filter>Archivos de recursos</Filter>
    </None>
    <None Include="shaders\light.vs">
      <Filter>Archivos de recursos</Filter>
    </None>
    <None Include="shaders\texture.ps">
      <Filter>Archivos de recursos</Filter>
    </None>
    <None Include="shaders\texture.vs">
      <Filter>Archivos de recursos</Filter>
    </None>
    <None Include="shaders\vertexcolor.ps">
      <Filter>Archivos de recursos</Filter>
    </None>
    <None Include="shaders\vertexcolor.vs">
      <Filter>Archivos de recursos</Filter>
    </None>
  </ItemGroup>
  <ItemGroup>
    <Filter Include="Archivos de encabezado">
      <UniqueIdentifier>{c43f1d12-b7cf-4bf4-bab8-55eda7dc3f89}</UniqueIdentifier>
    </Filter>
    <Filter Include="Archivos de orgien">
      <UniqueIdentifier>{a6df7c6b-1c55-4d5b-ac6a-e2bf16d83d48}</UniqueIdentifier>
    </Filter>
    <Filter Include="Archivos de recursos">
      <UniqueIdentifier>{10883bb8-3143-49ee-a22e-3115e254993d}</UniqueIdentifier>
    </Filter>
  </ItemGroup>
  <ItemGroup>
    <Library Include="musica\libzplay.lib">
      <Filter>Archivos de orgien</Filter>
    </Library>
  </ItemGroup>
</Project>